// !$*UTF8*$!
{
	archiveVersion = 1;
	classes = {
	};
	objectVersion = 55;
	objects = {

/* Begin PBXBuildFile section */
		BFDA75342A2F52D2001F3B6A /* AppDelegate.swift in Sources */ = {isa = PBXBuildFile; fileRef = BFDA75332A2F52D2001F3B6A /* AppDelegate.swift */; };
		BFDA75362A2F52D2001F3B6A /* SceneDelegate.swift in Sources */ = {isa = PBXBuildFile; fileRef = BFDA75352A2F52D2001F3B6A /* SceneDelegate.swift */; };
		BFDA75382A2F52D2001F3B6A /* ViewController.swift in Sources */ = {isa = PBXBuildFile; fileRef = BFDA75372A2F52D2001F3B6A /* ViewController.swift */; };
		BFDA753E2A2F52D2001F3B6A /* Todo.xcdatamodeld in Sources */ = {isa = PBXBuildFile; fileRef = BFDA753C2A2F52D2001F3B6A /* Todo.xcdatamodeld */; };
		BFDA75402A2F52D4001F3B6A /* Assets.xcassets in Resources */ = {isa = PBXBuildFile; fileRef = BFDA753F2A2F52D4001F3B6A /* Assets.xcassets */; };
		BFDA75432A2F52D4001F3B6A /* LaunchScreen.storyboard in Resources */ = {isa = PBXBuildFile; fileRef = BFDA75412A2F52D4001F3B6A /* LaunchScreen.storyboard */; };
		BFDA754E2A2F52D4001F3B6A /* TodoTests.swift in Sources */ = {isa = PBXBuildFile; fileRef = BFDA754D2A2F52D4001F3B6A /* TodoTests.swift */; };
		BFDA75582A2F52D4001F3B6A /* TodoUITests.swift in Sources */ = {isa = PBXBuildFile; fileRef = BFDA75572A2F52D4001F3B6A /* TodoUITests.swift */; };
		BFDA755A2A2F52D4001F3B6A /* TodoUITestsLaunchTests.swift in Sources */ = {isa = PBXBuildFile; fileRef = BFDA75592A2F52D4001F3B6A /* TodoUITestsLaunchTests.swift */; };
/* End PBXBuildFile section */

/* Begin PBXContainerItemProxy section */
		BFDA754A2A2F52D4001F3B6A /* PBXContainerItemProxy */ = {
			isa = PBXContainerItemProxy;
			containerPortal = BFDA75282A2F52D2001F3B6A /* Project object */;
			proxyType = 1;
			remoteGlobalIDString = BFDA752F2A2F52D2001F3B6A;
			remoteInfo = Todo;
		};
		BFDA75542A2F52D4001F3B6A /* PBXContainerItemProxy */ = {
			isa = PBXContainerItemProxy;
			containerPortal = BFDA75282A2F52D2001F3B6A /* Project object */;
			proxyType = 1;
			remoteGlobalIDString = BFDA752F2A2F52D2001F3B6A;
			remoteInfo = Todo;
		};
/* End PBXContainerItemProxy section */

/* Begin PBXFileReference section */
		BFDA75302A2F52D2001F3B6A /* Todo.app */ = {isa = PBXFileReference; explicitFileType = wrapper.application; includeInIndex = 0; path = Todo.app; sourceTree = BUILT_PRODUCTS_DIR; };
		BFDA75332A2F52D2001F3B6A /* AppDelegate.swift */ = {isa = PBXFileReference; lastKnownFileType = sourcecode.swift; path = AppDelegate.swift; sourceTree = "<group>"; };
		BFDA75352A2F52D2001F3B6A /* SceneDelegate.swift */ = {isa = PBXFileReference; lastKnownFileType = sourcecode.swift; path = SceneDelegate.swift; sourceTree = "<group>"; };
		BFDA75372A2F52D2001F3B6A /* ViewController.swift */ = {isa = PBXFileReference; lastKnownFileType = sourcecode.swift; path = ViewController.swift; sourceTree = "<group>"; };
		BFDA753D2A2F52D2001F3B6A /* Todo.xcdatamodel */ = {isa = PBXFileReference; lastKnownFileType = wrapper.xcdatamodel; path = Todo.xcdatamodel; sourceTree = "<group>"; };
		BFDA753F2A2F52D4001F3B6A /* Assets.xcassets */ = {isa = PBXFileReference; lastKnownFileType = folder.assetcatalog; path = Assets.xcassets; sourceTree = "<group>"; };
		BFDA75422A2F52D4001F3B6A /* Base */ = {isa = PBXFileReference; lastKnownFileType = file.storyboard; name = Base; path = Base.lproj/LaunchScreen.storyboard; sourceTree = "<group>"; };
		BFDA75442A2F52D4001F3B6A /* Info.plist */ = {isa = PBXFileReference; lastKnownFileType = text.plist.xml; path = Info.plist; sourceTree = "<group>"; };
		BFDA75492A2F52D4001F3B6A /* TodoTests.xctest */ = {isa = PBXFileReference; explicitFileType = wrapper.cfbundle; includeInIndex = 0; path = TodoTests.xctest; sourceTree = BUILT_PRODUCTS_DIR; };
		BFDA754D2A2F52D4001F3B6A /* TodoTests.swift */ = {isa = PBXFileReference; lastKnownFileType = sourcecode.swift; path = TodoTests.swift; sourceTree = "<group>"; };
		BFDA75532A2F52D4001F3B6A /* TodoUITests.xctest */ = {isa = PBXFileReference; explicitFileType = wrapper.cfbundle; includeInIndex = 0; path = TodoUITests.xctest; sourceTree = BUILT_PRODUCTS_DIR; };
		BFDA75572A2F52D4001F3B6A /* TodoUITests.swift */ = {isa = PBXFileReference; lastKnownFileType = sourcecode.swift; path = TodoUITests.swift; sourceTree = "<group>"; };
		BFDA75592A2F52D4001F3B6A /* TodoUITestsLaunchTests.swift */ = {isa = PBXFileReference; lastKnownFileType = sourcecode.swift; path = TodoUITestsLaunchTests.swift; sourceTree = "<group>"; };
/* End PBXFileReference section */

/* Begin PBXFrameworksBuildPhase section */
		BFDA752D2A2F52D2001F3B6A /* Frameworks */ = {
			isa = PBXFrameworksBuildPhase;
			buildActionMask = 2147483647;
			files = (
			);
			runOnlyForDeploymentPostprocessing = 0;
		};
		BFDA75462A2F52D4001F3B6A /* Frameworks */ = {
			isa = PBXFrameworksBuildPhase;
			buildActionMask = 2147483647;
			files = (
			);
			runOnlyForDeploymentPostprocessing = 0;
		};
		BFDA75502A2F52D4001F3B6A /* Frameworks */ = {
			isa = PBXFrameworksBuildPhase;
			buildActionMask = 2147483647;
			files = (
			);
			runOnlyForDeploymentPostprocessing = 0;
		};
/* End PBXFrameworksBuildPhase section */

/* Begin PBXGroup section */
		BFDA75272A2F52D2001F3B6A = {
			isa = PBXGroup;
			children = (
				BFDA75322A2F52D2001F3B6A /* Todo */,
				BFDA754C2A2F52D4001F3B6A /* TodoTests */,
				BFDA75562A2F52D4001F3B6A /* TodoUITests */,
				BFDA75312A2F52D2001F3B6A /* Products */,
			);
			sourceTree = "<group>";
		};
		BFDA75312A2F52D2001F3B6A /* Products */ = {
			isa = PBXGroup;
			children = (
				BFDA75302A2F52D2001F3B6A /* Todo.app */,
				BFDA75492A2F52D4001F3B6A /* TodoTests.xctest */,
				BFDA75532A2F52D4001F3B6A /* TodoUITests.xctest */,
			);
			name = Products;
			sourceTree = "<group>";
		};
		BFDA75322A2F52D2001F3B6A /* Todo */ = {
			isa = PBXGroup;
			children = (
				BFDA75332A2F52D2001F3B6A /* AppDelegate.swift */,
				BFDA75352A2F52D2001F3B6A /* SceneDelegate.swift */,
				BFDA75372A2F52D2001F3B6A /* ViewController.swift */,
				BFDA753F2A2F52D4001F3B6A /* Assets.xcassets */,
				BFDA75412A2F52D4001F3B6A /* LaunchScreen.storyboard */,
				BFDA75442A2F52D4001F3B6A /* Info.plist */,
				BFDA753C2A2F52D2001F3B6A /* Todo.xcdatamodeld */,
			);
			path = Todo;
			sourceTree = "<group>";
		};
		BFDA754C2A2F52D4001F3B6A /* TodoTests */ = {
			isa = PBXGroup;
			children = (
				BFDA754D2A2F52D4001F3B6A /* TodoTests.swift */,
			);
			path = TodoTests;
			sourceTree = "<group>";
		};
		BFDA75562A2F52D4001F3B6A /* TodoUITests */ = {
			isa = PBXGroup;
			children = (
				BFDA75572A2F52D4001F3B6A /* TodoUITests.swift */,
				BFDA75592A2F52D4001F3B6A /* TodoUITestsLaunchTests.swift */,
			);
			path = TodoUITests;
			sourceTree = "<group>";
		};
/* End PBXGroup section */

/* Begin PBXNativeTarget section */
		BFDA752F2A2F52D2001F3B6A /* Todo */ = {
			isa = PBXNativeTarget;
			buildConfigurationList = BFDA755D2A2F52D4001F3B6A /* Build configuration list for PBXNativeTarget "Todo" */;
			buildPhases = (
				BFDA752C2A2F52D2001F3B6A /* Sources */,
				BFDA752D2A2F52D2001F3B6A /* Frameworks */,
				BFDA752E2A2F52D2001F3B6A /* Resources */,
			);
			buildRules = (
			);
			dependencies = (
			);
			name = Todo;
			productName = Todo;
			productReference = BFDA75302A2F52D2001F3B6A /* Todo.app */;
			productType = "com.apple.product-type.application";
		};
		BFDA75482A2F52D4001F3B6A /* TodoTests */ = {
			isa = PBXNativeTarget;
			buildConfigurationList = BFDA75602A2F52D4001F3B6A /* Build configuration list for PBXNativeTarget "TodoTests" */;
			buildPhases = (
				BFDA75452A2F52D4001F3B6A /* Sources */,
				BFDA75462A2F52D4001F3B6A /* Frameworks */,
				BFDA75472A2F52D4001F3B6A /* Resources */,
			);
			buildRules = (
			);
			dependencies = (
				BFDA754B2A2F52D4001F3B6A /* PBXTargetDependency */,
			);
			name = TodoTests;
			productName = TodoTests;
			productReference = BFDA75492A2F52D4001F3B6A /* TodoTests.xctest */;
			productType = "com.apple.product-type.bundle.unit-test";
		};
		BFDA75522A2F52D4001F3B6A /* TodoUITests */ = {
			isa = PBXNativeTarget;
			buildConfigurationList = BFDA75632A2F52D4001F3B6A /* Build configuration list for PBXNativeTarget "TodoUITests" */;
			buildPhases = (
				BFDA754F2A2F52D4001F3B6A /* Sources */,
				BFDA75502A2F52D4001F3B6A /* Frameworks */,
				BFDA75512A2F52D4001F3B6A /* Resources */,
			);
			buildRules = (
			);
			dependencies = (
				BFDA75552A2F52D4001F3B6A /* PBXTargetDependency */,
			);
			name = TodoUITests;
			productName = TodoUITests;
			productReference = BFDA75532A2F52D4001F3B6A /* TodoUITests.xctest */;
			productType = "com.apple.product-type.bundle.ui-testing";
		};
/* End PBXNativeTarget section */

/* Begin PBXProject section */
		BFDA75282A2F52D2001F3B6A /* Project object */ = {
			isa = PBXProject;
			attributes = {
				BuildIndependentTargetsInParallel = 1;
				LastSwiftUpdateCheck = 1320;
				LastUpgradeCheck = 1320;
				TargetAttributes = {
					BFDA752F2A2F52D2001F3B6A = {
						CreatedOnToolsVersion = 13.2.1;
					};
					BFDA75482A2F52D4001F3B6A = {
						CreatedOnToolsVersion = 13.2.1;
						TestTargetID = BFDA752F2A2F52D2001F3B6A;
					};
					BFDA75522A2F52D4001F3B6A = {
						CreatedOnToolsVersion = 13.2.1;
						TestTargetID = BFDA752F2A2F52D2001F3B6A;
					};
				};
			};
			buildConfigurationList = BFDA752B2A2F52D2001F3B6A /* Build configuration list for PBXProject "Todo" */;
			compatibilityVersion = "Xcode 13.0";
			developmentRegion = en;
			hasScannedForEncodings = 0;
			knownRegions = (
				en,
				Base,
			);
			mainGroup = BFDA75272A2F52D2001F3B6A;
			productRefGroup = BFDA75312A2F52D2001F3B6A /* Products */;
			projectDirPath = "";
			projectRoot = "";
			targets = (
				BFDA752F2A2F52D2001F3B6A /* Todo */,
				BFDA75482A2F52D4001F3B6A /* TodoTests */,
				BFDA75522A2F52D4001F3B6A /* TodoUITests */,
			);
		};
/* End PBXProject section */

/* Begin PBXResourcesBuildPhase section */
		BFDA752E2A2F52D2001F3B6A /* Resources */ = {
			isa = PBXResourcesBuildPhase;
			buildActionMask = 2147483647;
			files = (
				BFDA75432A2F52D4001F3B6A /* LaunchScreen.storyboard in Resources */,
				BFDA75402A2F52D4001F3B6A /* Assets.xcassets in Resources */,
			);
			runOnlyForDeploymentPostprocessing = 0;
		};
		BFDA75472A2F52D4001F3B6A /* Resources */ = {
			isa = PBXResourcesBuildPhase;
			buildActionMask = 2147483647;
			files = (
			);
			runOnlyForDeploymentPostprocessing = 0;
		};
		BFDA75512A2F52D4001F3B6A /* Resources */ = {
			isa = PBXResourcesBuildPhase;
			buildActionMask = 2147483647;
			files = (
			);
			runOnlyForDeploymentPostprocessing = 0;
		};
/* End PBXResourcesBuildPhase section */

/* Begin PBXSourcesBuildPhase section */
		BFDA752C2A2F52D2001F3B6A /* Sources */ = {
			isa = PBXSourcesBuildPhase;
			buildActionMask = 2147483647;
			files = (
				BFDA75382A2F52D2001F3B6A /* ViewController.swift in Sources */,
				BFDA75342A2F52D2001F3B6A /* AppDelegate.swift in Sources */,
				BFDA75362A2F52D2001F3B6A /* SceneDelegate.swift in Sources */,
				BFDA753E2A2F52D2001F3B6A /* Todo.xcdatamodeld in Sources */,
			);
			runOnlyForDeploymentPostprocessing = 0;
		};
		BFDA75452A2F52D4001F3B6A /* Sources */ = {
			isa = PBXSourcesBuildPhase;
			buildActionMask = 2147483647;
			files = (
				BFDA754E2A2F52D4001F3B6A /* TodoTests.swift in Sources */,
			);
			runOnlyForDeploymentPostprocessing = 0;
		};
		BFDA754F2A2F52D4001F3B6A /* Sources */ = {
			isa = PBXSourcesBuildPhase;
			buildActionMask = 2147483647;
			files = (
				BFDA755A2A2F52D4001F3B6A /* TodoUITestsLaunchTests.swift in Sources */,
				BFDA75582A2F52D4001F3B6A /* TodoUITests.swift in Sources */,
			);
			runOnlyForDeploymentPostprocessing = 0;
		};
/* End PBXSourcesBuildPhase section */

/* Begin PBXTargetDependency section */
		BFDA754B2A2F52D4001F3B6A /* PBXTargetDependency */ = {
			isa = PBXTargetDependency;
			target = BFDA752F2A2F52D2001F3B6A /* Todo */;
			targetProxy = BFDA754A2A2F52D4001F3B6A /* PBXContainerItemProxy */;
		};
		BFDA75552A2F52D4001F3B6A /* PBXTargetDependency */ = {
			isa = PBXTargetDependency;
			target = BFDA752F2A2F52D2001F3B6A /* Todo */;
			targetProxy = BFDA75542A2F52D4001F3B6A /* PBXContainerItemProxy */;
		};
/* End PBXTargetDependency section */

/* Begin PBXVariantGroup section */
		BFDA75412A2F52D4001F3B6A /* LaunchScreen.storyboard */ = {
			isa = PBXVariantGroup;
			children = (
				BFDA75422A2F52D4001F3B6A /* Base */,
			);
			name = LaunchScreen.storyboard;
			sourceTree = "<group>";
		};
/* End PBXVariantGroup section */

/* Begin XCBuildConfiguration section */
		BFDA755B2A2F52D4001F3B6A /* Debug */ = {
			isa = XCBuildConfiguration;
			buildSettings = {
				ALWAYS_SEARCH_USER_PATHS = NO;
				CLANG_ANALYZER_NONNULL = YES;
				CLANG_ANALYZER_NUMBER_OBJECT_CONVERSION = YES_AGGRESSIVE;
				CLANG_CXX_LANGUAGE_STANDARD = "gnu++17";
				CLANG_CXX_LIBRARY = "libc++";
				CLANG_ENABLE_MODULES = YES;
				CLANG_ENABLE_OBJC_ARC = YES;
				CLANG_ENABLE_OBJC_WEAK = YES;
				CLANG_WARN_BLOCK_CAPTURE_AUTORELEASING = YES;
				CLANG_WARN_BOOL_CONVERSION = YES;
				CLANG_WARN_COMMA = YES;
				CLANG_WARN_CONSTANT_CONVERSION = YES;
				CLANG_WARN_DEPRECATED_OBJC_IMPLEMENTATIONS = YES;
				CLANG_WARN_DIRECT_OBJC_ISA_USAGE = YES_ERROR;
				CLANG_WARN_DOCUMENTATION_COMMENTS = YES;
				CLANG_WARN_EMPTY_BODY = YES;
				CLANG_WARN_ENUM_CONVERSION = YES;
				CLANG_WARN_INFINITE_RECURSION = YES;
				CLANG_WARN_INT_CONVERSION = YES;
				CLANG_WARN_NON_LITERAL_NULL_CONVERSION = YES;
				CLANG_WARN_OBJC_IMPLICIT_RETAIN_SELF = YES;
				CLANG_WARN_OBJC_LITERAL_CONVERSION = YES;
				CLANG_WARN_OBJC_ROOT_CLASS = YES_ERROR;
				CLANG_WARN_QUOTED_INCLUDE_IN_FRAMEWORK_HEADER = YES;
				CLANG_WARN_RANGE_LOOP_ANALYSIS = YES;
				CLANG_WARN_STRICT_PROTOTYPES = YES;
				CLANG_WARN_SUSPICIOUS_MOVE = YES;
				CLANG_WARN_UNGUARDED_AVAILABILITY = YES_AGGRESSIVE;
				CLANG_WARN_UNREACHABLE_CODE = YES;
				CLANG_WARN__DUPLICATE_METHOD_MATCH = YES;
				COPY_PHASE_STRIP = NO;
				DEBUG_INFORMATION_FORMAT = dwarf;
				ENABLE_STRICT_OBJC_MSGSEND = YES;
				ENABLE_TESTABILITY = YES;
				GCC_C_LANGUAGE_STANDARD = gnu11;
				GCC_DYNAMIC_NO_PIC = NO;
				GCC_NO_COMMON_BLOCKS = YES;
				GCC_OPTIMIZATION_LEVEL = 0;
				GCC_PREPROCESSOR_DEFINITIONS = (
					"DEBUG=1",
					"$(inherited)",
				);
				GCC_WARN_64_TO_32_BIT_CONVERSION = YES;
				GCC_WARN_ABOUT_RETURN_TYPE = YES_ERROR;
				GCC_WARN_UNDECLARED_SELECTOR = YES;
				GCC_WARN_UNINITIALIZED_AUTOS = YES_AGGRESSIVE;
				GCC_WARN_UNUSED_FUNCTION = YES;
				GCC_WARN_UNUSED_VARIABLE = YES;
				IPHONEOS_DEPLOYMENT_TARGET = 15.2;
				MTL_ENABLE_DEBUG_INFO = INCLUDE_SOURCE;
				MTL_FAST_MATH = YES;
				ONLY_ACTIVE_ARCH = YES;
				SDKROOT = iphoneos;
				SWIFT_ACTIVE_COMPILATION_CONDITIONS = DEBUG;
				SWIFT_OPTIMIZATION_LEVEL = "-Onone";
			};
			name = Debug;
		};
		BFDA755C2A2F52D4001F3B6A /* Release */ = {
			isa = XCBuildConfiguration;
			buildSettings = {
				ALWAYS_SEARCH_USER_PATHS = NO;
				CLANG_ANALYZER_NONNULL = YES;
				CLANG_ANALYZER_NUMBER_OBJECT_CONVERSION = YES_AGGRESSIVE;
				CLANG_CXX_LANGUAGE_STANDARD = "gnu++17";
				CLANG_CXX_LIBRARY = "libc++";
				CLANG_ENABLE_MODULES = YES;
				CLANG_ENABLE_OBJC_ARC = YES;
				CLANG_ENABLE_OBJC_WEAK = YES;
				CLANG_WARN_BLOCK_CAPTURE_AUTORELEASING = YES;
				CLANG_WARN_BOOL_CONVERSION = YES;
				CLANG_WARN_COMMA = YES;
				CLANG_WARN_CONSTANT_CONVERSION = YES;
				CLANG_WARN_DEPRECATED_OBJC_IMPLEMENTATIONS = YES;
				CLANG_WARN_DIRECT_OBJC_ISA_USAGE = YES_ERROR;
				CLANG_WARN_DOCUMENTATION_COMMENTS = YES;
				CLANG_WARN_EMPTY_BODY = YES;
				CLANG_WARN_ENUM_CONVERSION = YES;
				CLANG_WARN_INFINITE_RECURSION = YES;
				CLANG_WARN_INT_CONVERSION = YES;
				CLANG_WARN_NON_LITERAL_NULL_CONVERSION = YES;
				CLANG_WARN_OBJC_IMPLICIT_RETAIN_SELF = YES;
				CLANG_WARN_OBJC_LITERAL_CONVERSION = YES;
				CLANG_WARN_OBJC_ROOT_CLASS = YES_ERROR;
				CLANG_WARN_QUOTED_INCLUDE_IN_FRAMEWORK_HEADER = YES;
				CLANG_WARN_RANGE_LOOP_ANALYSIS = YES;
				CLANG_WARN_STRICT_PROTOTYPES = YES;
				CLANG_WARN_SUSPICIOUS_MOVE = YES;
				CLANG_WARN_UNGUARDED_AVAILABILITY = YES_AGGRESSIVE;
				CLANG_WARN_UNREACHABLE_CODE = YES;
				CLANG_WARN__DUPLICATE_METHOD_MATCH = YES;
				COPY_PHASE_STRIP = NO;
				DEBUG_INFORMATION_FORMAT = "dwarf-with-dsym";
				ENABLE_NS_ASSERTIONS = NO;
				ENABLE_STRICT_OBJC_MSGSEND = YES;
				GCC_C_LANGUAGE_STANDARD = gnu11;
				GCC_NO_COMMON_BLOCKS = YES;
				GCC_WARN_64_TO_32_BIT_CONVERSION = YES;
				GCC_WARN_ABOUT_RETURN_TYPE = YES_ERROR;
				GCC_WARN_UNDECLARED_SELECTOR = YES;
				GCC_WARN_UNINITIALIZED_AUTOS = YES_AGGRESSIVE;
				GCC_WARN_UNUSED_FUNCTION = YES;
				GCC_WARN_UNUSED_VARIABLE = YES;
				IPHONEOS_DEPLOYMENT_TARGET = 15.2;
				MTL_ENABLE_DEBUG_INFO = NO;
				MTL_FAST_MATH = YES;
				SDKROOT = iphoneos;
				SWIFT_COMPILATION_MODE = wholemodule;
				SWIFT_OPTIMIZATION_LEVEL = "-O";
				VALIDATE_PRODUCT = YES;
			};
			name = Release;
		};
		BFDA755E2A2F52D4001F3B6A /* Debug */ = {
			isa = XCBuildConfiguration;
			buildSettings = {
				ASSETCATALOG_COMPILER_APPICON_NAME = AppIcon;
				ASSETCATALOG_COMPILER_GLOBAL_ACCENT_COLOR_NAME = AccentColor;
				CODE_SIGN_STYLE = Automatic;
				CURRENT_PROJECT_VERSION = 1;
				GENERATE_INFOPLIST_FILE = YES;
				INFOPLIST_FILE = Todo/Info.plist;
				INFOPLIST_KEY_UIApplicationSupportsIndirectInputEvents = YES;
				INFOPLIST_KEY_UILaunchStoryboardName = LaunchScreen;
				INFOPLIST_KEY_UISupportedInterfaceOrientations_iPad = "UIInterfaceOrientationPortrait UIInterfaceOrientationPortraitUpsideDown UIInterfaceOrientationLandscapeLeft UIInterfaceOrientationLandscapeRight";
				INFOPLIST_KEY_UISupportedInterfaceOrientations_iPhone = "UIInterfaceOrientationPortrait UIInterfaceOrientationLandscapeLeft UIInterfaceOrientationLandscapeRight";
				LD_RUNPATH_SEARCH_PATHS = (
					"$(inherited)",
					"@executable_path/Frameworks",
				);
				MARKETING_VERSION = 1.0;
				PRODUCT_BUNDLE_IDENTIFIER = com.example.Todo;
				PRODUCT_NAME = "$(TARGET_NAME)";
				SWIFT_EMIT_LOC_STRINGS = YES;
				SWIFT_VERSION = 5.0;
				TARGETED_DEVICE_FAMILY = "1,2";
			};
			name = Debug;
		};
		BFDA755F2A2F52D4001F3B6A /* Release */ = {
			isa = XCBuildConfiguration;
			buildSettings = {
				ASSETCATALOG_COMPILER_APPICON_NAME = AppIcon;
				ASSETCATALOG_COMPILER_GLOBAL_ACCENT_COLOR_NAME = AccentColor;
				CODE_SIGN_STYLE = Automatic;
				CURRENT_PROJECT_VERSION = 1;
				GENERATE_INFOPLIST_FILE = YES;
				INFOPLIST_FILE = Todo/Info.plist;
				INFOPLIST_KEY_UIApplicationSupportsIndirectInputEvents = YES;
				INFOPLIST_KEY_UILaunchStoryboardName = LaunchScreen;
				INFOPLIST_KEY_UISupportedInterfaceOrientations_iPad = "UIInterfaceOrientationPortrait UIInterfaceOrientationPortraitUpsideDown UIInterfaceOrientationLandscapeLeft UIInterfaceOrientationLandscapeRight";
				INFOPLIST_KEY_UISupportedInterfaceOrientations_iPhone = "UIInterfaceOrientationPortrait UIInterfaceOrientationLandscapeLeft UIInterfaceOrientationLandscapeRight";
				LD_RUNPATH_SEARCH_PATHS = (
					"$(inherited)",
					"@executable_path/Frameworks",
				);
				MARKETING_VERSION = 1.0;
				PRODUCT_BUNDLE_IDENTIFIER = com.example.Todo;
				PRODUCT_NAME = "$(TARGET_NAME)";
				SWIFT_EMIT_LOC_STRINGS = YES;
				SWIFT_VERSION = 5.0;
				TARGETED_DEVICE_FAMILY = "1,2";
			};
			name = Release;
		};
		BFDA75612A2F52D4001F3B6A /* Debug */ = {
			isa = XCBuildConfiguration;
			buildSettings = {
				ALWAYS_EMBED_SWIFT_STANDARD_LIBRARIES = YES;
				BUNDLE_LOADER = "$(TEST_HOST)";
				CODE_SIGN_STYLE = Automatic;
				CURRENT_PROJECT_VERSION = 1;
				GENERATE_INFOPLIST_FILE = YES;
				IPHONEOS_DEPLOYMENT_TARGET = 15.2;
				MARKETING_VERSION = 1.0;
				PRODUCT_BUNDLE_IDENTIFIER = com.example.TodoTests;
				PRODUCT_NAME = "$(TARGET_NAME)";
				SWIFT_EMIT_LOC_STRINGS = NO;
				SWIFT_VERSION = 5.0;
				TARGETED_DEVICE_FAMILY = "1,2";
				TEST_HOST = "$(BUILT_PRODUCTS_DIR)/Todo.app/Todo";
			};
			name = Debug;
		};
		BFDA75622A2F52D4001F3B6A /* Release */ = {
			isa = XCBuildConfiguration;
			buildSettings = {
				ALWAYS_EMBED_SWIFT_STANDARD_LIBRARIES = YES;
				BUNDLE_LOADER = "$(TEST_HOST)";
				CODE_SIGN_STYLE = Automatic;
				CURRENT_PROJECT_VERSION = 1;
				GENERATE_INFOPLIST_FILE = YES;
				IPHONEOS_DEPLOYMENT_TARGET = 15.2;
				MARKETING_VERSION = 1.0;
				PRODUCT_BUNDLE_IDENTIFIER = com.example.TodoTests;
				PRODUCT_NAME = "$(TARGET_NAME)";
				SWIFT_EMIT_LOC_STRINGS = NO;
				SWIFT_VERSION = 5.0;
				TARGETED_DEVICE_FAMILY = "1,2";
				TEST_HOST = "$(BUILT_PRODUCTS_DIR)/Todo.app/Todo";
			};
			name = Release;
		};
		BFDA75642A2F52D4001F3B6A /* Debug */ = {
			isa = XCBuildConfiguration;
			buildSettings = {
				ALWAYS_EMBED_SWIFT_STANDARD_LIBRARIES = YES;
				CODE_SIGN_STYLE = Automatic;
				CURRENT_PROJECT_VERSION = 1;
				GENERATE_INFOPLIST_FILE = YES;
				MARKETING_VERSION = 1.0;
				PRODUCT_BUNDLE_IDENTIFIER = com.example.TodoUITests;
				PRODUCT_NAME = "$(TARGET_NAME)";
				SWIFT_EMIT_LOC_STRINGS = NO;
				SWIFT_VERSION = 5.0;
				TARGETED_DEVICE_FAMILY = "1,2";
				TEST_TARGET_NAME = Todo;
			};
			name = Debug;
		};
		BFDA75652A2F52D4001F3B6A /* Release */ = {
			isa = XCBuildConfiguration;
			buildSettings = {
				ALWAYS_EMBED_SWIFT_STANDARD_LIBRARIES = YES;
				CODE_SIGN_STYLE = Automatic;
				CURRENT_PROJECT_VERSION = 1;
				GENERATE_INFOPLIST_FILE = YES;
				MARKETING_VERSION = 1.0;
				PRODUCT_BUNDLE_IDENTIFIER = com.example.TodoUITests;
				PRODUCT_NAME = "$(TARGET_NAME)";
				SWIFT_EMIT_LOC_STRINGS = NO;
				SWIFT_VERSION = 5.0;
				TARGETED_DEVICE_FAMILY = "1,2";
				TEST_TARGET_NAME = Todo;
			};
			name = Release;
		};
/* End XCBuildConfiguration section */

/* Begin XCConfigurationList section */
		BFDA752B2A2F52D2001F3B6A /* Build configuration list for PBXProject "Todo" */ = {
			isa = XCConfigurationList;
			buildConfigurations = (
				BFDA755B2A2F52D4001F3B6A /* Debug */,
				BFDA755C2A2F52D4001F3B6A /* Release */,
			);
			defaultConfigurationIsVisible = 0;
			defaultConfigurationName = Release;
		};
		BFDA755D2A2F52D4001F3B6A /* Build configuration list for PBXNativeTarget "Todo" */ = {
			isa = XCConfigurationList;
			buildConfigurations = (
				BFDA755E2A2F52D4001F3B6A /* Debug */,
				BFDA755F2A2F52D4001F3B6A /* Release */,
			);
			defaultConfigurationIsVisible = 0;
			defaultConfigurationName = Release;
		};
		BFDA75602A2F52D4001F3B6A /* Build configuration list for PBXNativeTarget "TodoTests" */ = {
			isa = XCConfigurationList;
			buildConfigurations = (
				BFDA75612A2F52D4001F3B6A /* Debug */,
				BFDA75622A2F52D4001F3B6A /* Release */,
			);
			defaultConfigurationIsVisible = 0;
			defaultConfigurationName = Release;
		};
		BFDA75632A2F52D4001F3B6A /* Build configuration list for PBXNativeTarget "TodoUITests" */ = {
			isa = XCConfigurationList;
			buildConfigurations = (
				BFDA75642A2F52D4001F3B6A /* Debug */,
				BFDA75652A2F52D4001F3B6A /* Release */,
			);
			defaultConfigurationIsVisible = 0;
			defaultConfigurationName = Release;
		};
/* End XCConfigurationList section */

/* Begin XCVersionGroup section */
		BFDA753C2A2F52D2001F3B6A /* Todo.xcdatamodeld */ = {
			isa = XCVersionGroup;
			children = (
				BFDA753D2A2F52D2001F3B6A /* Todo.xcdatamodel */,
			);
			currentVersion = BFDA753D2A2F52D2001F3B6A /* Todo.xcdatamodel */;
			path = Todo.xcdatamodeld;
			sourceTree = "<group>";
			versionGroupType = wrapper.xcdatamodel;
		};
/* End XCVersionGroup section */
	};
	rootObject = BFDA75282A2F52D2001F3B6A /* Project object */;
}
